
Microsoft Visual Studio Solution File, Format Version 12.00
# Visual Studio 15
VisualStudioVersion = 15.0.28307.168
MinimumVisualStudioVersion = 10.0.40219.1
Project("{FAE04EC0-301F-11D3-BF4B-00C04F79EFBC}") = "FactorialDoWhileLoganC", "FactorialDoWhileLoganC\FactorialDoWhileLoganC.csproj", "{602628FA-7756-4303-8B1B-6C489EA634B3}"
EndProject
Global
	GlobalSection(SolutionConfigurationPlatforms) = preSolution
		Debug|Any CPU = Debug|Any CPU
		Release|Any CPU = Release|Any CPU
	EndGlobalSection
	GlobalSection(ProjectConfigurationPlatforms) = postSolution
		{602628FA-7756-4303-8B1B-6C489EA634B3}.Debug|Any CPU.ActiveCfg = Debug|Any CPU
		{602628FA-7756-4303-8B1B-6C489EA634B3}.Debug|Any CPU.Build.0 = Debug|Any CPU
		{602628FA-7756-4303-8B1B-6C489EA634B3}.Release|Any CPU.ActiveCfg = Release|Any CPU
		{602628FA-7756-4303-8B1B-6C489EA634B3}.Release|Any CPU.Build.0 = Release|Any CPU
	EndGlobalSection
	GlobalSection(SolutionProperties) = preSolution
		HideSolutionNode = FALSE
	EndGlobalSection
	GlobalSection(ExtensibilityGlobals) = postSolution
		SolutionGuid = {4907C0E2-85BF-4EFD-B7C3-575F29A05775}
	EndGlobalSection
EndGlobal
